{
  "name": "board-webthings",
  "version": "0.0.0",
  "lockfileVersion": 1,
  "requires": true,
  "dependencies": {
    "gpio": {
      "version": "0.2.10",
      "resolved": "https://registry.npmjs.org/gpio/-/gpio-0.2.10.tgz",
      "integrity": "sha512-VBFvAye/pK/oWHDUCa2F8jyrtHhnHXR/zHxMz3REEgznfMCQyzy6yRU8hFNuMSO+AG3YN4fH71Suj6mvM3cG3w=="
    }
  }
}
