{
  "name": "board-webthings",
  "version": "0.0.0",
  "lockfileVersion": 1,
  "requires": true,
  "dependencies": {
    "gpio": {
      "version": "0.2.9",
      "resolved": "https://registry.npmjs.org/gpio/-/gpio-0.2.9.tgz",
      "integrity": "sha512-tcMh77effIK9RjJEWdDDOpQZ3MqEDxGTpnrnaoHhHPRI1LzNECNYg7KmptvedIci3Drop27dUD8injoH/oKZ5w=="
    }
  }
}
